// !$*UTF8*$!
{
	archiveVersion = 1;
	classes = {
	};
	objectVersion = 46;
	objects = {

/* Begin PBXBuildFile section */
		461490731D50996100466B1D /* crc32.c in Sources */ = {isa = PBXBuildFile; fileRef = 4614906F1D50996100466B1D /* crc32.c */; };
		461490771D518C0C00466B1D /* NSdata+Encryption.m in Sources */ = {isa = PBXBuildFile; fileRef = 461490761D518C0C00466B1D /* NSdata+Encryption.m */; };
		461491381D51F1AF00466B1D /* RSA.m in Sources */ = {isa = PBXBuildFile; fileRef = 461491371D51F1AF00466B1D /* RSA.m */; };
		4614913C1D51F2C800466B1D /* rsa_private_key.pem in Resources */ = {isa = PBXBuildFile; fileRef = 4614913A1D51F2C800466B1D /* rsa_private_key.pem */; };
		4614913D1D51F2C800466B1D /* rsa_public_key.pem in Resources */ = {isa = PBXBuildFile; fileRef = 4614913B1D51F2C800466B1D /* rsa_public_key.pem */; };
		4683E7B71D4F2FF000E65CD4 /* main.m in Sources */ = {isa = PBXBuildFile; fileRef = 4683E7B61D4F2FF000E65CD4 /* main.m */; };
		4683E7BA1D4F2FF000E65CD4 /* AppDelegate.m in Sources */ = {isa = PBXBuildFile; fileRef = 4683E7B91D4F2FF000E65CD4 /* AppDelegate.m */; };
		4683E7BD1D4F2FF000E65CD4 /* ViewController.m in Sources */ = {isa = PBXBuildFile; fileRef = 4683E7BC1D4F2FF000E65CD4 /* ViewController.m */; };
		4683E7C01D4F2FF000E65CD4 /* Main.storyboard in Resources */ = {isa = PBXBuildFile; fileRef = 4683E7BE1D4F2FF000E65CD4 /* Main.storyboard */; };
		4683E7C21D4F2FF000E65CD4 /* Assets.xcassets in Resources */ = {isa = PBXBuildFile; fileRef = 4683E7C11D4F2FF000E65CD4 /* Assets.xcassets */; };
		4683E7C51D4F2FF000E65CD4 /* LaunchScreen.storyboard in Resources */ = {isa = PBXBuildFile; fileRef = 4683E7C31D4F2FF000E65CD4 /* LaunchScreen.storyboard */; };
		4683E7CE1D4F300700E65CD4 /* sha1.c in Sources */ = {isa = PBXBuildFile; fileRef = 4683E7CC1D4F300700E65CD4 /* sha1.c */; };
/* End PBXBuildFile section */

/* Begin PBXFileReference section */
		4614906F1D50996100466B1D /* crc32.c */ = {isa = PBXFileReference; fileEncoding = 4; lastKnownFileType = sourcecode.c.c; path = crc32.c; sourceTree = "<group>"; };
		461490701D50996100466B1D /* crc32.h */ = {isa = PBXFileReference; fileEncoding = 4; lastKnownFileType = sourcecode.c.h; path = crc32.h; sourceTree = "<group>"; };
		461490751D518C0C00466B1D /* NSdata+Encryption.h */ = {isa = PBXFileReference; fileEncoding = 4; lastKnownFileType = sourcecode.c.h; path = "NSdata+Encryption.h"; sourceTree = "<group>"; };
		461490761D518C0C00466B1D /* NSdata+Encryption.m */ = {isa = PBXFileReference; fileEncoding = 4; lastKnownFileType = sourcecode.c.objc; path = "NSdata+Encryption.m"; sourceTree = "<group>"; };
		461491361D51F1AF00466B1D /* RSA.h */ = {isa = PBXFileReference; fileEncoding = 4; lastKnownFileType = sourcecode.c.h; path = RSA.h; sourceTree = "<group>"; };
		461491371D51F1AF00466B1D /* RSA.m */ = {isa = PBXFileReference; fileEncoding = 4; lastKnownFileType = sourcecode.c.objc; path = RSA.m; sourceTree = "<group>"; };
		4614913A1D51F2C800466B1D /* rsa_private_key.pem */ = {isa = PBXFileReference; fileEncoding = 4; lastKnownFileType = text; path = rsa_private_key.pem; sourceTree = "<group>"; };
		4614913B1D51F2C800466B1D /* rsa_public_key.pem */ = {isa = PBXFileReference; fileEncoding = 4; lastKnownFileType = text; path = rsa_public_key.pem; sourceTree = "<group>"; };
		4683E7B21D4F2FF000E65CD4 /* SHA1Test.app */ = {isa = PBXFileReference; explicitFileType = wrapper.application; includeInIndex = 0; path = SHA1Test.app; sourceTree = BUILT_PRODUCTS_DIR; };
		4683E7B61D4F2FF000E65CD4 /* main.m */ = {isa = PBXFileReference; lastKnownFileType = sourcecode.c.objc; path = main.m; sourceTree = "<group>"; };
		4683E7B81D4F2FF000E65CD4 /* AppDelegate.h */ = {isa = PBXFileReference; lastKnownFileType = sourcecode.c.h; path = AppDelegate.h; sourceTree = "<group>"; };
		4683E7B91D4F2FF000E65CD4 /* AppDelegate.m */ = {isa = PBXFileReference; lastKnownFileType = sourcecode.c.objc; path = AppDelegate.m; sourceTree = "<group>"; };
		4683E7BB1D4F2FF000E65CD4 /* ViewController.h */ = {isa = PBXFileReference; lastKnownFileType = sourcecode.c.h; path = ViewController.h; sourceTree = "<group>"; };
		4683E7BC1D4F2FF000E65CD4 /* ViewController.m */ = {isa = PBXFileReference; lastKnownFileType = sourcecode.c.objc; path = ViewController.m; sourceTree = "<group>"; };
		4683E7BF1D4F2FF000E65CD4 /* Base */ = {isa = PBXFileReference; lastKnownFileType = file.storyboard; name = Base; path = Base.lproj/Main.storyboard; sourceTree = "<group>"; };
		4683E7C11D4F2FF000E65CD4 /* Assets.xcassets */ = {isa = PBXFileReference; lastKnownFileType = folder.assetcatalog; path = Assets.xcassets; sourceTree = "<group>"; };
		4683E7C41D4F2FF000E65CD4 /* Base */ = {isa = PBXFileReference; lastKnownFileType = file.storyboard; name = Base; path = Base.lproj/LaunchScreen.storyboard; sourceTree = "<group>"; };
		4683E7C61D4F2FF000E65CD4 /* Info.plist */ = {isa = PBXFileReference; lastKnownFileType = text.plist.xml; path = Info.plist; sourceTree = "<group>"; };
		4683E7CC1D4F300700E65CD4 /* sha1.c */ = {isa = PBXFileReference; fileEncoding = 4; lastKnownFileType = sourcecode.c.c; path = sha1.c; sourceTree = "<group>"; };
		4683E7CD1D4F300700E65CD4 /* sha1.h */ = {isa = PBXFileReference; fileEncoding = 4; lastKnownFileType = sourcecode.c.h; path = sha1.h; sourceTree = "<group>"; };
/* End PBXFileReference section */

/* Begin PBXFrameworksBuildPhase section */
		4683E7AF1D4F2FF000E65CD4 /* Frameworks */ = {
			isa = PBXFrameworksBuildPhase;
			buildActionMask = 2147483647;
			files = (
			);
			runOnlyForDeploymentPostprocessing = 0;
		};
/* End PBXFrameworksBuildPhase section */

/* Begin PBXGroup section */
		4614906D1D50996100466B1D /* crc32-master */ = {
			isa = PBXGroup;
			children = (
				4614906F1D50996100466B1D /* crc32.c */,
				461490701D50996100466B1D /* crc32.h */,
			);
			path = "crc32-master";
			sourceTree = "<group>";
		};
		461491391D51F29B00466B1D /* RSA */ = {
			isa = PBXGroup;
			children = (
				461491361D51F1AF00466B1D /* RSA.h */,
				461491371D51F1AF00466B1D /* RSA.m */,
			);
			name = RSA;
			sourceTree = "<group>";
		};
		4683E7A91D4F2FF000E65CD4 = {
			isa = PBXGroup;
			children = (
				4683E7B41D4F2FF000E65CD4 /* SHA1Test */,
				4683E7B31D4F2FF000E65CD4 /* Products */,
			);
			sourceTree = "<group>";
		};
		4683E7B31D4F2FF000E65CD4 /* Products */ = {
			isa = PBXGroup;
			children = (
				4683E7B21D4F2FF000E65CD4 /* SHA1Test.app */,
			);
			name = Products;
			sourceTree = "<group>";
		};
		4683E7B41D4F2FF000E65CD4 /* SHA1Test */ = {
			isa = PBXGroup;
			children = (
				4614913A1D51F2C800466B1D /* rsa_private_key.pem */,
				4614913B1D51F2C800466B1D /* rsa_public_key.pem */,
				461491391D51F29B00466B1D /* RSA */,
				4614906D1D50996100466B1D /* crc32-master */,
				4683E7CC1D4F300700E65CD4 /* sha1.c */,
				4683E7CD1D4F300700E65CD4 /* sha1.h */,
				4683E7B81D4F2FF000E65CD4 /* AppDelegate.h */,
				4683E7B91D4F2FF000E65CD4 /* AppDelegate.m */,
				4683E7BB1D4F2FF000E65CD4 /* ViewController.h */,
				4683E7BC1D4F2FF000E65CD4 /* ViewController.m */,
				4683E7BE1D4F2FF000E65CD4 /* Main.storyboard */,
				4683E7C11D4F2FF000E65CD4 /* Assets.xcassets */,
				4683E7C31D4F2FF000E65CD4 /* LaunchScreen.storyboard */,
				4683E7C61D4F2FF000E65CD4 /* Info.plist */,
				4683E7B51D4F2FF000E65CD4 /* Supporting Files */,
				461490751D518C0C00466B1D /* NSdata+Encryption.h */,
				461490761D518C0C00466B1D /* NSdata+Encryption.m */,
			);
			path = SHA1Test;
			sourceTree = "<group>";
		};
		4683E7B51D4F2FF000E65CD4 /* Supporting Files */ = {
			isa = PBXGroup;
			children = (
				4683E7B61D4F2FF000E65CD4 /* main.m */,
			);
			name = "Supporting Files";
			sourceTree = "<group>";
		};
/* End PBXGroup section */

/* Begin PBXNativeTarget section */
		4683E7B11D4F2FF000E65CD4 /* SHA1Test */ = {
			isa = PBXNativeTarget;
			buildConfigurationList = 4683E7C91D4F2FF000E65CD4 /* Build configuration list for PBXNativeTarget "SHA1Test" */;
			buildPhases = (
				4683E7AE1D4F2FF000E65CD4 /* Sources */,
				4683E7AF1D4F2FF000E65CD4 /* Frameworks */,
				4683E7B01D4F2FF000E65CD4 /* Resources */,
			);
			buildRules = (
			);
			dependencies = (
			);
			name = SHA1Test;
			productName = SHA1Test;
			productReference = 4683E7B21D4F2FF000E65CD4 /* SHA1Test.app */;
			productType = "com.apple.product-type.application";
		};
/* End PBXNativeTarget section */

/* Begin PBXProject section */
		4683E7AA1D4F2FF000E65CD4 /* Project object */ = {
			isa = PBXProject;
			attributes = {
				LastUpgradeCheck = 0730;
				ORGANIZATIONNAME = nonobank;
				TargetAttributes = {
					4683E7B11D4F2FF000E65CD4 = {
						CreatedOnToolsVersion = 7.3.1;
						ProvisioningStyle = Automatic;
					};
				};
			};
			buildConfigurationList = 4683E7AD1D4F2FF000E65CD4 /* Build configuration list for PBXProject "SHA1Test" */;
			compatibilityVersion = "Xcode 3.2";
			developmentRegion = English;
			hasScannedForEncodings = 0;
			knownRegions = (
				en,
				Base,
			);
			mainGroup = 4683E7A91D4F2FF000E65CD4;
			productRefGroup = 4683E7B31D4F2FF000E65CD4 /* Products */;
			projectDirPath = "";
			projectRoot = "";
			targets = (
				4683E7B11D4F2FF000E65CD4 /* SHA1Test */,
			);
		};
/* End PBXProject section */

/* Begin PBXResourcesBuildPhase section */
		4683E7B01D4F2FF000E65CD4 /* Resources */ = {
			isa = PBXResourcesBuildPhase;
			buildActionMask = 2147483647;
			files = (
				4614913C1D51F2C800466B1D /* rsa_private_key.pem in Resources */,
				4683E7C51D4F2FF000E65CD4 /* LaunchScreen.storyboard in Resources */,
				4683E7C21D4F2FF000E65CD4 /* Assets.xcassets in Resources */,
				4614913D1D51F2C800466B1D /* rsa_public_key.pem in Resources */,
				4683E7C01D4F2FF000E65CD4 /* Main.storyboard in Resources */,
			);
			runOnlyForDeploymentPostprocessing = 0;
		};
/* End PBXResourcesBuildPhase section */

/* Begin PBXSourcesBuildPhase section */
		4683E7AE1D4F2FF000E65CD4 /* Sources */ = {
			isa = PBXSourcesBuildPhase;
			buildActionMask = 2147483647;
			files = (
				461491381D51F1AF00466B1D /* RSA.m in Sources */,
				4683E7CE1D4F300700E65CD4 /* sha1.c in Sources */,
				4683E7BD1D4F2FF000E65CD4 /* ViewController.m in Sources */,
				4683E7BA1D4F2FF000E65CD4 /* AppDelegate.m in Sources */,
				461490731D50996100466B1D /* crc32.c in Sources */,
				4683E7B71D4F2FF000E65CD4 /* main.m in Sources */,
				461490771D518C0C00466B1D /* NSdata+Encryption.m in Sources */,
			);
			runOnlyForDeploymentPostprocessing = 0;
		};
/* End PBXSourcesBuildPhase section */

/* Begin PBXVariantGroup section */
		4683E7BE1D4F2FF000E65CD4 /* Main.storyboard */ = {
			isa = PBXVariantGroup;
			children = (
				4683E7BF1D4F2FF000E65CD4 /* Base */,
			);
			name = Main.storyboard;
			sourceTree = "<group>";
		};
		4683E7C31D4F2FF000E65CD4 /* LaunchScreen.storyboard */ = {
			isa = PBXVariantGroup;
			children = (
				4683E7C41D4F2FF000E65CD4 /* Base */,
			);
			name = LaunchScreen.storyboard;
			sourceTree = "<group>";
		};
/* End PBXVariantGroup section */

/* Begin XCBuildConfiguration section */
		4683E7C71D4F2FF000E65CD4 /* Debug */ = {
			isa = XCBuildConfiguration;
			buildSettings = {
				ALWAYS_SEARCH_USER_PATHS = NO;
				CLANG_ANALYZER_NONNULL = YES;
				CLANG_CXX_LANGUAGE_STANDARD = "gnu++0x";
				CLANG_CXX_LIBRARY = "libc++";
				CLANG_ENABLE_MODULES = YES;
				CLANG_ENABLE_OBJC_ARC = YES;
				CLANG_WARN_BOOL_CONVERSION = YES;
				CLANG_WARN_CONSTANT_CONVERSION = YES;
				CLANG_WARN_DIRECT_OBJC_ISA_USAGE = YES_ERROR;
				CLANG_WARN_EMPTY_BODY = YES;
				CLANG_WARN_ENUM_CONVERSION = YES;
				CLANG_WARN_INT_CONVERSION = YES;
				CLANG_WARN_OBJC_ROOT_CLASS = YES_ERROR;
				CLANG_WARN_UNREACHABLE_CODE = YES;
				CLANG_WARN__DUPLICATE_METHOD_MATCH = YES;
				"CODE_SIGN_IDENTITY[sdk=iphoneos*]" = "iPhone Developer";
				COPY_PHASE_STRIP = NO;
				DEBUG_INFORMATION_FORMAT = dwarf;
				ENABLE_STRICT_OBJC_MSGSEND = YES;
				ENABLE_TESTABILITY = YES;
				GCC_C_LANGUAGE_STANDARD = gnu99;
				GCC_DYNAMIC_NO_PIC = NO;
				GCC_NO_COMMON_BLOCKS = YES;
				GCC_OPTIMIZATION_LEVEL = 0;
				GCC_PREPROCESSOR_DEFINITIONS = (
					"DEBUG=1",
					"$(inherited)",
				);
				GCC_WARN_64_TO_32_BIT_CONVERSION = YES;
				GCC_WARN_ABOUT_RETURN_TYPE = YES_ERROR;
				GCC_WARN_UNDECLARED_SELECTOR = YES;
				GCC_WARN_UNINITIALIZED_AUTOS = YES_AGGRESSIVE;
				GCC_WARN_UNUSED_FUNCTION = YES;
				GCC_WARN_UNUSED_VARIABLE = YES;
				IPHONEOS_DEPLOYMENT_TARGET = 6.0;
				MTL_ENABLE_DEBUG_INFO = YES;
				ONLY_ACTIVE_ARCH = YES;
				SDKROOT = iphoneos;
			};
			name = Debug;
		};
		4683E7C81D4F2FF000E65CD4 /* Release */ = {
			isa = XCBuildConfiguration;
			buildSettings = {
				ALWAYS_SEARCH_USER_PATHS = NO;
				CLANG_ANALYZER_NONNULL = YES;
				CLANG_CXX_LANGUAGE_STANDARD = "gnu++0x";
				CLANG_CXX_LIBRARY = "libc++";
				CLANG_ENABLE_MODULES = YES;
				CLANG_ENABLE_OBJC_ARC = YES;
				CLANG_WARN_BOOL_CONVERSION = YES;
				CLANG_WARN_CONSTANT_CONVERSION = YES;
				CLANG_WARN_DIRECT_OBJC_ISA_USAGE = YES_ERROR;
				CLANG_WARN_EMPTY_BODY = YES;
				CLANG_WARN_ENUM_CONVERSION = YES;
				CLANG_WARN_INT_CONVERSION = YES;
				CLANG_WARN_OBJC_ROOT_CLASS = YES_ERROR;
				CLANG_WARN_UNREACHABLE_CODE = YES;
				CLANG_WARN__DUPLICATE_METHOD_MATCH = YES;
				"CODE_SIGN_IDENTITY[sdk=iphoneos*]" = "iPhone Developer";
				COPY_PHASE_STRIP = NO;
				DEBUG_INFORMATION_FORMAT = "dwarf-with-dsym";
				ENABLE_NS_ASSERTIONS = NO;
				ENABLE_STRICT_OBJC_MSGSEND = YES;
				GCC_C_LANGUAGE_STANDARD = gnu99;
				GCC_NO_COMMON_BLOCKS = YES;
				GCC_WARN_64_TO_32_BIT_CONVERSION = YES;
				GCC_WARN_ABOUT_RETURN_TYPE = YES_ERROR;
				GCC_WARN_UNDECLARED_SELECTOR = YES;
				GCC_WARN_UNINITIALIZED_AUTOS = YES_AGGRESSIVE;
				GCC_WARN_UNUSED_FUNCTION = YES;
				GCC_WARN_UNUSED_VARIABLE = YES;
				IPHONEOS_DEPLOYMENT_TARGET = 6.0;
				MTL_ENABLE_DEBUG_INFO = NO;
				ONLY_ACTIVE_ARCH = YES;
				SDKROOT = iphoneos;
				VALIDATE_PRODUCT = YES;
			};
			name = Release;
		};
		4683E7CA1D4F2FF000E65CD4 /* Debug */ = {
			isa = XCBuildConfiguration;
			buildSettings = {
				ASSETCATALOG_COMPILER_APPICON_NAME = AppIcon;
				DEVELOPMENT_TEAM = "";
				INFOPLIST_FILE = SHA1Test/Info.plist;
				IPHONEOS_DEPLOYMENT_TARGET = 6.0;
				LD_RUNPATH_SEARCH_PATHS = "$(inherited) @executable_path/Frameworks";
				PRODUCT_BUNDLE_IDENTIFIER = mxdh53.mxd.com.SHA1Test;
				PRODUCT_NAME = "$(TARGET_NAME)";
			};
			name = Debug;
		};
		4683E7CB1D4F2FF000E65CD4 /* Release */ = {
			isa = XCBuildConfiguration;
			buildSettings = {
				ASSETCATALOG_COMPILER_APPICON_NAME = AppIcon;
				DEVELOPMENT_TEAM = "";
				INFOPLIST_FILE = SHA1Test/Info.plist;
				IPHONEOS_DEPLOYMENT_TARGET = 6.0;
				LD_RUNPATH_SEARCH_PATHS = "$(inherited) @executable_path/Frameworks";
				PRODUCT_BUNDLE_IDENTIFIER = mxdh53.mxd.com.SHA1Test;
				PRODUCT_NAME = "$(TARGET_NAME)";
			};
			name = Release;
		};
/* End XCBuildConfiguration section */

/* Begin XCConfigurationList section */
		4683E7AD1D4F2FF000E65CD4 /* Build configuration list for PBXProject "SHA1Test" */ = {
			isa = XCConfigurationList;
			buildConfigurations = (
				4683E7C71D4F2FF000E65CD4 /* Debug */,
				4683E7C81D4F2FF000E65CD4 /* Release */,
			);
			defaultConfigurationIsVisible = 0;
			defaultConfigurationName = Release;
		};
		4683E7C91D4F2FF000E65CD4 /* Build configuration list for PBXNativeTarget "SHA1Test" */ = {
			isa = XCConfigurationList;
			buildConfigurations = (
				4683E7CA1D4F2FF000E65CD4 /* Debug */,
				4683E7CB1D4F2FF000E65CD4 /* Release */,
			);
			defaultConfigurationIsVisible = 0;
			defaultConfigurationName = Release;
		};
/* End XCConfigurationList section */
	};
	rootObject = 4683E7AA1D4F2FF000E65CD4 /* Project object */;
}
